
Microsoft Visual Studio Solution File, Format Version 12.00
Project("{FAE04EC0-301F-11D3-BF4B-00C04F79EFBC}") = "Kedust.Data.Domain", "Kedust.Data.Domain\Kedust.Data.Domain.csproj", "{E2E961A9-ECB8-4424-A913-EEA1D5C9EA0F}"
EndProject
Project("{FAE04EC0-301F-11D3-BF4B-00C04F79EFBC}") = "Kedust.Data.Dal", "Kedust.Data.Dal\Kedust.Data.Dal.csproj", "{76FED860-29EB-4C99-9CA4-628324F72B00}"
EndProject
Project("{FAE04EC0-301F-11D3-BF4B-00C04F79EFBC}") = "Kedust.Services", "Kedust.Services\Kedust.Services.csproj", "{3A0DA7FF-85FE-43D7-9CA1-040D9FC5C8C4}"
EndProject
Project("{FAE04EC0-301F-11D3-BF4B-00C04F79EFBC}") = "Kedust.UI.Api", "Kedust.UI.Api\Kedust.UI.Api.csproj", "{7AB8F152-F29E-4012-B3C6-D455774CA534}"
EndProject
Project("{FAE04EC0-301F-11D3-BF4B-00C04F79EFBC}") = "Kedust.UI.PrinterService", "Kedust.UI.PrinterService\Kedust.UI.PrinterService.csproj", "{17D02706-67A0-4876-A7D8-BAE863585FDF}"
EndProject
Project("{FAE04EC0-301F-11D3-BF4B-00C04F79EFBC}") = "Kedust.Services.DTO", "Kedust.Services.DTO\Kedust.Services.DTO.csproj", "{AA3F18F8-9BDB-49FD-9A98-680652ABB562}"
EndProject
Global
	GlobalSection(SolutionConfigurationPlatforms) = preSolution
		Debug|Any CPU = Debug|Any CPU
		Release|Any CPU = Release|Any CPU
	EndGlobalSection
	GlobalSection(ProjectConfigurationPlatforms) = postSolution
		{E2E961A9-ECB8-4424-A913-EEA1D5C9EA0F}.Debug|Any CPU.ActiveCfg = Debug|Any CPU
		{E2E961A9-ECB8-4424-A913-EEA1D5C9EA0F}.Debug|Any CPU.Build.0 = Debug|Any CPU
		{E2E961A9-ECB8-4424-A913-EEA1D5C9EA0F}.Release|Any CPU.ActiveCfg = Release|Any CPU
		{E2E961A9-ECB8-4424-A913-EEA1D5C9EA0F}.Release|Any CPU.Build.0 = Release|Any CPU
		{76FED860-29EB-4C99-9CA4-628324F72B00}.Debug|Any CPU.ActiveCfg = Debug|Any CPU
		{76FED860-29EB-4C99-9CA4-628324F72B00}.Debug|Any CPU.Build.0 = Debug|Any CPU
		{76FED860-29EB-4C99-9CA4-628324F72B00}.Release|Any CPU.ActiveCfg = Release|Any CPU
		{76FED860-29EB-4C99-9CA4-628324F72B00}.Release|Any CPU.Build.0 = Release|Any CPU
		{3A0DA7FF-85FE-43D7-9CA1-040D9FC5C8C4}.Debug|Any CPU.ActiveCfg = Debug|Any CPU
		{3A0DA7FF-85FE-43D7-9CA1-040D9FC5C8C4}.Debug|Any CPU.Build.0 = Debug|Any CPU
		{3A0DA7FF-85FE-43D7-9CA1-040D9FC5C8C4}.Release|Any CPU.ActiveCfg = Release|Any CPU
		{3A0DA7FF-85FE-43D7-9CA1-040D9FC5C8C4}.Release|Any CPU.Build.0 = Release|Any CPU
		{7AB8F152-F29E-4012-B3C6-D455774CA534}.Debug|Any CPU.ActiveCfg = Debug|Any CPU
		{7AB8F152-F29E-4012-B3C6-D455774CA534}.Debug|Any CPU.Build.0 = Debug|Any CPU
		{7AB8F152-F29E-4012-B3C6-D455774CA534}.Release|Any CPU.ActiveCfg = Release|Any CPU
		{7AB8F152-F29E-4012-B3C6-D455774CA534}.Release|Any CPU.Build.0 = Release|Any CPU
		{17D02706-67A0-4876-A7D8-BAE863585FDF}.Debug|Any CPU.ActiveCfg = Debug|Any CPU
		{17D02706-67A0-4876-A7D8-BAE863585FDF}.Debug|Any CPU.Build.0 = Debug|Any CPU
		{17D02706-67A0-4876-A7D8-BAE863585FDF}.Release|Any CPU.ActiveCfg = Release|Any CPU
		{17D02706-67A0-4876-A7D8-BAE863585FDF}.Release|Any CPU.Build.0 = Release|Any CPU
		{AA3F18F8-9BDB-49FD-9A98-680652ABB562}.Debug|Any CPU.ActiveCfg = Debug|Any CPU
		{AA3F18F8-9BDB-49FD-9A98-680652ABB562}.Debug|Any CPU.Build.0 = Debug|Any CPU
		{AA3F18F8-9BDB-49FD-9A98-680652ABB562}.Release|Any CPU.ActiveCfg = Release|Any CPU
		{AA3F18F8-9BDB-49FD-9A98-680652ABB562}.Release|Any CPU.Build.0 = Release|Any CPU
	EndGlobalSection
EndGlobal
